
Microsoft Visual Studio Solution File, Format Version 12.00
# Visual Studio Version 17
VisualStudioVersion = 17.9.34622.214
MinimumVisualStudioVersion = 10.0.40219.1
Project("{FAE04EC0-301F-11D3-BF4B-00C04F79EFBC}") = "DBConTest1", "DBConTest1\DBConTest1.csproj", "{F05E6FED-ADEF-47A3-90AA-01391EDCC53F}"
EndProject
Global
	GlobalSection(SolutionConfigurationPlatforms) = preSolution
		Debug|Any CPU = Debug|Any CPU
		Release|Any CPU = Release|Any CPU
	EndGlobalSection
	GlobalSection(ProjectConfigurationPlatforms) = postSolution
		{F05E6FED-ADEF-47A3-90AA-01391EDCC53F}.Debug|Any CPU.ActiveCfg = Debug|Any CPU
		{F05E6FED-ADEF-47A3-90AA-01391EDCC53F}.Debug|Any CPU.Build.0 = Debug|Any CPU
		{F05E6FED-ADEF-47A3-90AA-01391EDCC53F}.Release|Any CPU.ActiveCfg = Release|Any CPU
		{F05E6FED-ADEF-47A3-90AA-01391EDCC53F}.Release|Any CPU.Build.0 = Release|Any CPU
	EndGlobalSection
	GlobalSection(SolutionProperties) = preSolution
		HideSolutionNode = FALSE
	EndGlobalSection
	GlobalSection(ExtensibilityGlobals) = postSolution
		SolutionGuid = {99C36689-5DAD-40BE-A9BE-066935C18A1A}
	EndGlobalSection
EndGlobal
